
Microsoft Visual Studio Solution File, Format Version 12.00
# Visual Studio 15
VisualStudioVersion = 15.0.27130.2010
MinimumVisualStudioVersion = 10.0.40219.1
Project("{9A19103F-16F7-4668-BE54-9A1E7A4F7556}") = "lametric.library", "lametric.library\lametric.library.csproj", "{E000A3F0-2999-4672-83FF-A214ABB543BD}"
EndProject
Project("{9A19103F-16F7-4668-BE54-9A1E7A4F7556}") = "upnp.library", "upnp.library\upnp.library.csproj", "{1CE5C89F-2652-4174-A1E7-9E272745B7FD}"
EndProject
Project("{9A19103F-16F7-4668-BE54-9A1E7A4F7556}") = "lametric.console", "lametric.console\lametric.console.csproj", "{7000E3E3-0ABD-43D9-BDB6-1472A05A1FCD}"
EndProject
Project("{2150E333-8FDC-42A3-9474-1A3956D46DE8}") = "lametric", "lametric", "{E37BBEA0-6A66-439F-827E-027A04B0C9E1}"
EndProject
Project("{2150E333-8FDC-42A3-9474-1A3956D46DE8}") = "upnp", "upnp", "{EE7274BA-A142-4825-8F5D-10F18392CAD5}"
EndProject
Project("{2150E333-8FDC-42A3-9474-1A3956D46DE8}") = "ubnt", "ubnt", "{77C95CD1-1CE4-4391-922B-85768BC0A9D8}"
EndProject
Project("{FAE04EC0-301F-11D3-BF4B-00C04F79EFBC}") = "ubnt.camera.library", "ubnt.camera.library\ubnt.camera.library.csproj", "{5F3260DE-4F85-4B70-A407-8EBFDC479EE1}"
EndProject
Project("{FAE04EC0-301F-11D3-BF4B-00C04F79EFBC}") = "ubnt.camera.motionalerter", "ubnt.camera.motionalerter\ubnt.camera.motionalerter.csproj", "{6E698C11-87DB-4E2F-A3CA-968F83568E16}"
EndProject
Global
	GlobalSection(SolutionConfigurationPlatforms) = preSolution
		Debug|Any CPU = Debug|Any CPU
		Release|Any CPU = Release|Any CPU
	EndGlobalSection
	GlobalSection(ProjectConfigurationPlatforms) = postSolution
		{E000A3F0-2999-4672-83FF-A214ABB543BD}.Debug|Any CPU.ActiveCfg = Debug|Any CPU
		{E000A3F0-2999-4672-83FF-A214ABB543BD}.Debug|Any CPU.Build.0 = Debug|Any CPU
		{E000A3F0-2999-4672-83FF-A214ABB543BD}.Release|Any CPU.ActiveCfg = Release|Any CPU
		{E000A3F0-2999-4672-83FF-A214ABB543BD}.Release|Any CPU.Build.0 = Release|Any CPU
		{1CE5C89F-2652-4174-A1E7-9E272745B7FD}.Debug|Any CPU.ActiveCfg = Debug|Any CPU
		{1CE5C89F-2652-4174-A1E7-9E272745B7FD}.Debug|Any CPU.Build.0 = Debug|Any CPU
		{1CE5C89F-2652-4174-A1E7-9E272745B7FD}.Release|Any CPU.ActiveCfg = Release|Any CPU
		{1CE5C89F-2652-4174-A1E7-9E272745B7FD}.Release|Any CPU.Build.0 = Release|Any CPU
		{7000E3E3-0ABD-43D9-BDB6-1472A05A1FCD}.Debug|Any CPU.ActiveCfg = Debug|Any CPU
		{7000E3E3-0ABD-43D9-BDB6-1472A05A1FCD}.Debug|Any CPU.Build.0 = Debug|Any CPU
		{7000E3E3-0ABD-43D9-BDB6-1472A05A1FCD}.Release|Any CPU.ActiveCfg = Release|Any CPU
		{7000E3E3-0ABD-43D9-BDB6-1472A05A1FCD}.Release|Any CPU.Build.0 = Release|Any CPU
		{5F3260DE-4F85-4B70-A407-8EBFDC479EE1}.Debug|Any CPU.ActiveCfg = Debug|Any CPU
		{5F3260DE-4F85-4B70-A407-8EBFDC479EE1}.Debug|Any CPU.Build.0 = Debug|Any CPU
		{5F3260DE-4F85-4B70-A407-8EBFDC479EE1}.Release|Any CPU.ActiveCfg = Release|Any CPU
		{5F3260DE-4F85-4B70-A407-8EBFDC479EE1}.Release|Any CPU.Build.0 = Release|Any CPU
		{6E698C11-87DB-4E2F-A3CA-968F83568E16}.Debug|Any CPU.ActiveCfg = Debug|Any CPU
		{6E698C11-87DB-4E2F-A3CA-968F83568E16}.Debug|Any CPU.Build.0 = Debug|Any CPU
		{6E698C11-87DB-4E2F-A3CA-968F83568E16}.Release|Any CPU.ActiveCfg = Release|Any CPU
		{6E698C11-87DB-4E2F-A3CA-968F83568E16}.Release|Any CPU.Build.0 = Release|Any CPU
	EndGlobalSection
	GlobalSection(SolutionProperties) = preSolution
		HideSolutionNode = FALSE
	EndGlobalSection
	GlobalSection(NestedProjects) = preSolution
		{E000A3F0-2999-4672-83FF-A214ABB543BD} = {E37BBEA0-6A66-439F-827E-027A04B0C9E1}
		{1CE5C89F-2652-4174-A1E7-9E272745B7FD} = {EE7274BA-A142-4825-8F5D-10F18392CAD5}
		{7000E3E3-0ABD-43D9-BDB6-1472A05A1FCD} = {E37BBEA0-6A66-439F-827E-027A04B0C9E1}
		{5F3260DE-4F85-4B70-A407-8EBFDC479EE1} = {77C95CD1-1CE4-4391-922B-85768BC0A9D8}
		{6E698C11-87DB-4E2F-A3CA-968F83568E16} = {77C95CD1-1CE4-4391-922B-85768BC0A9D8}
	EndGlobalSection
	GlobalSection(ExtensibilityGlobals) = postSolution
		SolutionGuid = {0D8138F6-0E91-481C-A72C-75286B5A74A3}
	EndGlobalSection
EndGlobal
